
Microsoft Visual Studio Solution File, Format Version 12.00
# Visual Studio Version 16
VisualStudioVersion = 16.0.30503.244
MinimumVisualStudioVersion = 15.0.26124.0
Project("{9A19103F-16F7-4668-BE54-9A1E7A4F7556}") = "BaiDu.Api.Service", "Baidu.Api.Service\BaiDu.Api.Service.csproj", "{123E5CC3-613D-4BA0-A5AE-362C90305603}"
EndProject
Project("{9A19103F-16F7-4668-BE54-9A1E7A4F7556}") = "BaiDu.Api.Service.Console", "Baidu.Api.Service.Console\BaiDu.Api.Service.Console.csproj", "{7F7510B7-7972-4A29-8857-7FA9CABFC4CB}"
EndProject
Global
	GlobalSection(SolutionConfigurationPlatforms) = preSolution
		Debug|Any CPU = Debug|Any CPU
		Debug|x64 = Debug|x64
		Debug|x86 = Debug|x86
		Release|Any CPU = Release|Any CPU
		Release|x64 = Release|x64
		Release|x86 = Release|x86
	EndGlobalSection
	GlobalSection(ProjectConfigurationPlatforms) = postSolution
		{123E5CC3-613D-4BA0-A5AE-362C90305603}.Debug|Any CPU.ActiveCfg = Debug|Any CPU
		{123E5CC3-613D-4BA0-A5AE-362C90305603}.Debug|Any CPU.Build.0 = Debug|Any CPU
		{123E5CC3-613D-4BA0-A5AE-362C90305603}.Debug|x64.ActiveCfg = Debug|Any CPU
		{123E5CC3-613D-4BA0-A5AE-362C90305603}.Debug|x64.Build.0 = Debug|Any CPU
		{123E5CC3-613D-4BA0-A5AE-362C90305603}.Debug|x86.ActiveCfg = Debug|Any CPU
		{123E5CC3-613D-4BA0-A5AE-362C90305603}.Debug|x86.Build.0 = Debug|Any CPU
		{123E5CC3-613D-4BA0-A5AE-362C90305603}.Release|Any CPU.ActiveCfg = Release|Any CPU
		{123E5CC3-613D-4BA0-A5AE-362C90305603}.Release|Any CPU.Build.0 = Release|Any CPU
		{123E5CC3-613D-4BA0-A5AE-362C90305603}.Release|x64.ActiveCfg = Release|Any CPU
		{123E5CC3-613D-4BA0-A5AE-362C90305603}.Release|x64.Build.0 = Release|Any CPU
		{123E5CC3-613D-4BA0-A5AE-362C90305603}.Release|x86.ActiveCfg = Release|Any CPU
		{123E5CC3-613D-4BA0-A5AE-362C90305603}.Release|x86.Build.0 = Release|Any CPU
		{7F7510B7-7972-4A29-8857-7FA9CABFC4CB}.Debug|Any CPU.ActiveCfg = Debug|Any CPU
		{7F7510B7-7972-4A29-8857-7FA9CABFC4CB}.Debug|Any CPU.Build.0 = Debug|Any CPU
		{7F7510B7-7972-4A29-8857-7FA9CABFC4CB}.Debug|x64.ActiveCfg = Debug|Any CPU
		{7F7510B7-7972-4A29-8857-7FA9CABFC4CB}.Debug|x64.Build.0 = Debug|Any CPU
		{7F7510B7-7972-4A29-8857-7FA9CABFC4CB}.Debug|x86.ActiveCfg = Debug|Any CPU
		{7F7510B7-7972-4A29-8857-7FA9CABFC4CB}.Debug|x86.Build.0 = Debug|Any CPU
		{7F7510B7-7972-4A29-8857-7FA9CABFC4CB}.Release|Any CPU.ActiveCfg = Release|Any CPU
		{7F7510B7-7972-4A29-8857-7FA9CABFC4CB}.Release|Any CPU.Build.0 = Release|Any CPU
		{7F7510B7-7972-4A29-8857-7FA9CABFC4CB}.Release|x64.ActiveCfg = Release|Any CPU
		{7F7510B7-7972-4A29-8857-7FA9CABFC4CB}.Release|x64.Build.0 = Release|Any CPU
		{7F7510B7-7972-4A29-8857-7FA9CABFC4CB}.Release|x86.ActiveCfg = Release|Any CPU
		{7F7510B7-7972-4A29-8857-7FA9CABFC4CB}.Release|x86.Build.0 = Release|Any CPU
	EndGlobalSection
	GlobalSection(SolutionProperties) = preSolution
		HideSolutionNode = FALSE
	EndGlobalSection
	GlobalSection(ExtensibilityGlobals) = postSolution
		SolutionGuid = {393FF16A-4D49-42B3-A679-4925CBF56DF5}
	EndGlobalSection
EndGlobal
